
Microsoft Visual Studio Solution File, Format Version 10.00
# Visual Studio 2008
Project("{F184B08F-C81C-45F6-A57F-5ABD9991F28F}") = "TestWebSite", "TestWebSite\TestWebSite.vbproj", "{BA5741D4-6D18-4EA6-BE3C-AD69468701F9}"
EndProject
Global
	GlobalSection(SolutionConfigurationPlatforms) = preSolution
		Debug|Any CPU = Debug|Any CPU
		Release|Any CPU = Release|Any CPU
	EndGlobalSection
	GlobalSection(ProjectConfigurationPlatforms) = postSolution
		{BA5741D4-6D18-4EA6-BE3C-AD69468701F9}.Debug|Any CPU.ActiveCfg = Debug|Any CPU
		{BA5741D4-6D18-4EA6-BE3C-AD69468701F9}.Debug|Any CPU.Build.0 = Debug|Any CPU
		{BA5741D4-6D18-4EA6-BE3C-AD69468701F9}.Release|Any CPU.ActiveCfg = Release|Any CPU
		{BA5741D4-6D18-4EA6-BE3C-AD69468701F9}.Release|Any CPU.Build.0 = Release|Any CPU
	EndGlobalSection
	GlobalSection(SolutionProperties) = preSolution
		HideSolutionNode = FALSE
	EndGlobalSection
EndGlobal
